
Microsoft Visual Studio Solution File, Format Version 12.00
# Visual Studio Version 17
VisualStudioVersion = 17.11.35327.3
MinimumVisualStudioVersion = 10.0.40219.1
Project("{FAE04EC0-301F-11D3-BF4B-00C04F79EFBC}") = "HospitalManagment.Data", "HospitalManagment.Data\HospitalManagment.Data.csproj", "{838285CD-3DFD-411C-8EF9-F3FB9D9E0303}"
EndProject
Project("{FAE04EC0-301F-11D3-BF4B-00C04F79EFBC}") = "HospitalManagment.Business", "HospitalManagment.Business\HospitalManagment.Business.csproj", "{C244D05F-F84D-47A7-BB0F-A3ADCADEE5A1}"
EndProject
Project("{FAE04EC0-301F-11D3-BF4B-00C04F79EFBC}") = "HospitalManagment.WebApi", "HospitalManagment.WebApi\HospitalManagment.WebApi.csproj", "{87C41EF9-CFE6-45C7-BF73-885E565F5F75}"
EndProject
Global
	GlobalSection(SolutionConfigurationPlatforms) = preSolution
		Debug|Any CPU = Debug|Any CPU
		Release|Any CPU = Release|Any CPU
	EndGlobalSection
	GlobalSection(ProjectConfigurationPlatforms) = postSolution
		{838285CD-3DFD-411C-8EF9-F3FB9D9E0303}.Debug|Any CPU.ActiveCfg = Debug|Any CPU
		{838285CD-3DFD-411C-8EF9-F3FB9D9E0303}.Debug|Any CPU.Build.0 = Debug|Any CPU
		{838285CD-3DFD-411C-8EF9-F3FB9D9E0303}.Release|Any CPU.ActiveCfg = Release|Any CPU
		{838285CD-3DFD-411C-8EF9-F3FB9D9E0303}.Release|Any CPU.Build.0 = Release|Any CPU
		{C244D05F-F84D-47A7-BB0F-A3ADCADEE5A1}.Debug|Any CPU.ActiveCfg = Debug|Any CPU
		{C244D05F-F84D-47A7-BB0F-A3ADCADEE5A1}.Debug|Any CPU.Build.0 = Debug|Any CPU
		{C244D05F-F84D-47A7-BB0F-A3ADCADEE5A1}.Release|Any CPU.ActiveCfg = Release|Any CPU
		{C244D05F-F84D-47A7-BB0F-A3ADCADEE5A1}.Release|Any CPU.Build.0 = Release|Any CPU
		{87C41EF9-CFE6-45C7-BF73-885E565F5F75}.Debug|Any CPU.ActiveCfg = Debug|Any CPU
		{87C41EF9-CFE6-45C7-BF73-885E565F5F75}.Debug|Any CPU.Build.0 = Debug|Any CPU
		{87C41EF9-CFE6-45C7-BF73-885E565F5F75}.Release|Any CPU.ActiveCfg = Release|Any CPU
		{87C41EF9-CFE6-45C7-BF73-885E565F5F75}.Release|Any CPU.Build.0 = Release|Any CPU
	EndGlobalSection
	GlobalSection(SolutionProperties) = preSolution
		HideSolutionNode = FALSE
	EndGlobalSection
	GlobalSection(ExtensibilityGlobals) = postSolution
		SolutionGuid = {5F335793-CDBE-4923-8EFA-0D66342C10D9}
	EndGlobalSection
EndGlobal
